
Microsoft Visual Studio Solution File, Format Version 12.00
# Visual Studio Version 16
VisualStudioVersion = 16.0.30225.117
MinimumVisualStudioVersion = 10.0.40219.1
Project("{FAE04EC0-301F-11D3-BF4B-00C04F79EFBC}") = "ZZS_PointSystemManagement", "ZZS_PointSystemManagement\ZZS_PointSystemManagement.csproj", "{F8768318-C87F-4EC6-838F-3C6F53093A83}"
EndProject
Global
	GlobalSection(SolutionConfigurationPlatforms) = preSolution
		Debug|Any CPU = Debug|Any CPU
		Release|Any CPU = Release|Any CPU
	EndGlobalSection
	GlobalSection(ProjectConfigurationPlatforms) = postSolution
		{F8768318-C87F-4EC6-838F-3C6F53093A83}.Debug|Any CPU.ActiveCfg = Debug|Any CPU
		{F8768318-C87F-4EC6-838F-3C6F53093A83}.Debug|Any CPU.Build.0 = Debug|Any CPU
		{F8768318-C87F-4EC6-838F-3C6F53093A83}.Release|Any CPU.ActiveCfg = Release|Any CPU
		{F8768318-C87F-4EC6-838F-3C6F53093A83}.Release|Any CPU.Build.0 = Release|Any CPU
	EndGlobalSection
	GlobalSection(SolutionProperties) = preSolution
		HideSolutionNode = FALSE
	EndGlobalSection
	GlobalSection(ExtensibilityGlobals) = postSolution
		SolutionGuid = {21A3AF50-4254-4939-914B-8262B54C9A7F}
	EndGlobalSection
EndGlobal
